
Microsoft Visual Studio Solution File, Format Version 12.00
# Visual Studio 15
VisualStudioVersion = 15.0.28307.960
MinimumVisualStudioVersion = 10.0.40219.1
Project("{FAE04EC0-301F-11D3-BF4B-00C04F79EFBC}") = "BlogSitesi", "BlogSitesi\BlogSitesi.csproj", "{A77EDE69-A93C-46F4-8E5B-9E83405629F9}"
EndProject
Project("{FAE04EC0-301F-11D3-BF4B-00C04F79EFBC}") = "BlogSitesi.Entities", "BlogSitesi.Entities\BlogSitesi.Entities.csproj", "{5DDBDA6D-19FE-4131-B757-1404B42FEE8F}"
EndProject
Project("{FAE04EC0-301F-11D3-BF4B-00C04F79EFBC}") = "BlogSitesi.DAL", "BlogSitesi.DAL\BlogSitesi.DAL.csproj", "{33207695-C025-4A56-9D71-4F3FE5CFFA15}"
EndProject
Project("{FAE04EC0-301F-11D3-BF4B-00C04F79EFBC}") = "BlogSitesi.Services", "BlogSitesi.Services\BlogSitesi.Services.csproj", "{1EAEE57C-3679-48B9-846B-1CAAC499EB1F}"
EndProject
Global
	GlobalSection(SolutionConfigurationPlatforms) = preSolution
		Debug|Any CPU = Debug|Any CPU
		Release|Any CPU = Release|Any CPU
	EndGlobalSection
	GlobalSection(ProjectConfigurationPlatforms) = postSolution
		{A77EDE69-A93C-46F4-8E5B-9E83405629F9}.Debug|Any CPU.ActiveCfg = Debug|Any CPU
		{A77EDE69-A93C-46F4-8E5B-9E83405629F9}.Debug|Any CPU.Build.0 = Debug|Any CPU
		{A77EDE69-A93C-46F4-8E5B-9E83405629F9}.Release|Any CPU.ActiveCfg = Release|Any CPU
		{A77EDE69-A93C-46F4-8E5B-9E83405629F9}.Release|Any CPU.Build.0 = Release|Any CPU
		{5DDBDA6D-19FE-4131-B757-1404B42FEE8F}.Debug|Any CPU.ActiveCfg = Debug|Any CPU
		{5DDBDA6D-19FE-4131-B757-1404B42FEE8F}.Debug|Any CPU.Build.0 = Debug|Any CPU
		{5DDBDA6D-19FE-4131-B757-1404B42FEE8F}.Release|Any CPU.ActiveCfg = Release|Any CPU
		{5DDBDA6D-19FE-4131-B757-1404B42FEE8F}.Release|Any CPU.Build.0 = Release|Any CPU
		{33207695-C025-4A56-9D71-4F3FE5CFFA15}.Debug|Any CPU.ActiveCfg = Debug|Any CPU
		{33207695-C025-4A56-9D71-4F3FE5CFFA15}.Debug|Any CPU.Build.0 = Debug|Any CPU
		{33207695-C025-4A56-9D71-4F3FE5CFFA15}.Release|Any CPU.ActiveCfg = Release|Any CPU
		{33207695-C025-4A56-9D71-4F3FE5CFFA15}.Release|Any CPU.Build.0 = Release|Any CPU
		{1EAEE57C-3679-48B9-846B-1CAAC499EB1F}.Debug|Any CPU.ActiveCfg = Debug|Any CPU
		{1EAEE57C-3679-48B9-846B-1CAAC499EB1F}.Debug|Any CPU.Build.0 = Debug|Any CPU
		{1EAEE57C-3679-48B9-846B-1CAAC499EB1F}.Release|Any CPU.ActiveCfg = Release|Any CPU
		{1EAEE57C-3679-48B9-846B-1CAAC499EB1F}.Release|Any CPU.Build.0 = Release|Any CPU
	EndGlobalSection
	GlobalSection(SolutionProperties) = preSolution
		HideSolutionNode = FALSE
	EndGlobalSection
	GlobalSection(ExtensibilityGlobals) = postSolution
		SolutionGuid = {F83C175D-04B6-4A76-80F3-09241EE41E85}
	EndGlobalSection
EndGlobal
